
Microsoft Visual Studio Solution File, Format Version 12.00
# Visual Studio Version 16
VisualStudioVersion = 16.0.30204.135
MinimumVisualStudioVersion = 10.0.40219.1
Project("{FAE04EC0-301F-11D3-BF4B-00C04F79EFBC}") = "DeltaE", "DeltaE\DeltaE.csproj", "{77DD421E-B45B-49A2-B784-B55D54CEE05A}"
EndProject
Global
	GlobalSection(SolutionConfigurationPlatforms) = preSolution
		Debug|Any CPU = Debug|Any CPU
		Release|Any CPU = Release|Any CPU
	EndGlobalSection
	GlobalSection(ProjectConfigurationPlatforms) = postSolution
		{77DD421E-B45B-49A2-B784-B55D54CEE05A}.Debug|Any CPU.ActiveCfg = Debug|Any CPU
		{77DD421E-B45B-49A2-B784-B55D54CEE05A}.Debug|Any CPU.Build.0 = Debug|Any CPU
		{77DD421E-B45B-49A2-B784-B55D54CEE05A}.Release|Any CPU.ActiveCfg = Release|Any CPU
		{77DD421E-B45B-49A2-B784-B55D54CEE05A}.Release|Any CPU.Build.0 = Release|Any CPU
	EndGlobalSection
	GlobalSection(SolutionProperties) = preSolution
		HideSolutionNode = FALSE
	EndGlobalSection
	GlobalSection(ExtensibilityGlobals) = postSolution
		SolutionGuid = {B6030F41-0878-4FD8-90D0-543E384462DC}
	EndGlobalSection
EndGlobal
